{
  "version": 4,
  "terraform_version": "1.2.6",
  "serial": 142,
  "lineage": "bcf14244-0ca3-ff55-3d3e-8165e139ee78",
  "outputs": {
    "name1": {
      "value": "C:\\Users\\aman01\\test5.txt",
      "type": "string"
    }
  },
  "resources": [
    {
      "mode": "managed",
      "type": "local_file",
      "name": "file1",
      "provider": "provider[\"registry.terraform.io/hashicorp/local\"]",
      "instances": [
        {
          "schema_version": 0,
          "attributes": {
            "content": "file at same location as main.tf file",
            "content_base64": null,
            "directory_permission": "0777",
            "file_permission": "0777",
            "filename": "1f3a6f2d0dd7b1c2",
            "id": "a6383fa895a9d3d9dd82a11ca2c5205bd5cc610e",
            "sensitive_content": null,
            "source": null
          },
          "sensitive_attributes": [],
          "private": "bnVsbA==",
          "dependencies": [
            "random_id.ran1"
          ]
        }
      ]
    },
    {
      "mode": "managed",
      "type": "local_file",
      "name": "file2",
      "provider": "provider[\"registry.terraform.io/hashicorp/local\"]",
      "instances": [
        {
          "schema_version": 0,
          "attributes": {
            "content": "file test2",
            "content_base64": null,
            "directory_permission": "0777",
            "file_permission": "0777",
            "filename": "C:\\Users\\aman01\\Desktop\\html_pr\\test2.txt",
            "id": "a40b4168790687f01cba17f8caa56538696f5bdd",
            "sensitive_content": null,
            "source": null
          },
          "sensitive_attributes": [],
          "private": "bnVsbA=="
        }
      ]
    },
    {
      "mode": "managed",
      "type": "local_file",
      "name": "file3",
      "provider": "provider[\"registry.terraform.io/hashicorp/local\"]",
      "instances": [
        {
          "schema_version": 0,
          "attributes": {
            "content": "file test3",
            "content_base64": null,
            "directory_permission": "0777",
            "file_permission": "0777",
            "filename": "C:\\Users\\aman01\\Desktop\\test3.txt",
            "id": "5f36715b02fbb4dd6a184794c26f9c5ea68e1c28",
            "sensitive_content": null,
            "source": null
          },
          "sensitive_attributes": [],
          "private": "bnVsbA=="
        }
      ]
    },
    {
      "mode": "managed",
      "type": "local_file",
      "name": "file4",
      "provider": "provider[\"registry.terraform.io/hashicorp/local\"]",
      "instances": [
        {
          "schema_version": 0,
          "attributes": {
            "content": "file test4",
            "content_base64": null,
            "directory_permission": "0777",
            "file_permission": "0777",
            "filename": "C:\\Users\\aman01\\test5.txt",
            "id": "aa3167312b5231407b1a53090cb719763fc2ff49",
            "sensitive_content": null,
            "source": null
          },
          "sensitive_attributes": [],
          "private": "bnVsbA=="
        }
      ]
    },
    {
      "mode": "managed",
      "type": "random_id",
      "name": "ran1",
      "provider": "provider[\"registry.terraform.io/hashicorp/random\"]",
      "instances": [
        {
          "schema_version": 0,
          "attributes": {
            "b64_std": "HzpvLQ3XscI=",
            "b64_url": "HzpvLQ3XscI",
            "byte_length": 8,
            "dec": "2250233203121435074",
            "hex": "1f3a6f2d0dd7b1c2",
            "id": "HzpvLQ3XscI",
            "keepers": null,
            "prefix": null
          },
          "sensitive_attributes": [],
          "private": "bnVsbA=="
        }
      ]
    }
  ]
}
